# This file is autogenerated, do not edit; changes may be undone by the next 'dep ensure'.


[[projects]]
  name = "github.com/inconshreveable/mousetrap"
  packages = ["."]
  revision = "76626ae9c91c4f2a10f34cad8ce83ea42c93bb75"
  version = "v1.0"

[[projects]]
  name = "github.com/spf13/cobra"
  packages = ["."]
  revision = "ef82de70bb3f60c65fb8eebacbb2d122ef517385"
  version = "v0.0.3"

[[projects]]
  name = "github.com/spf13/pflag"
  packages = ["."]
  revision = "583c0c0531f06d5278b7d917446061adc344b5cd"
  version = "v1.0.1"

[[projects]]
  branch = "v1"
  name = "gopkg.in/bsm/ratelimit.v1"
  packages = ["."]
  revision = "db14e161995a5177acef654cb0dd785e8ee8bc22"

[[projects]]
  name = "gopkg.in/redis.v3"
  packages = [
    ".",
    "internal",
    "internal/consistenthash",
    "internal/hashtag",
    "internal/pool"
  ]
  revision = "b5e368500d0a508ef8f16e9c2d4025a8a46bcc29"
  version = "v3.6.4"

[solve-meta]
  analyzer-name = "dep"
  analyzer-version = 1
  inputs-digest = "48e0cc5a84047ea2f09b2e6bae7058a3eab8ae35d4b0b6e5df02afaaf2b83cbc"
  solver-name = "gps-cdcl"
  solver-version = 1
